{
    "_readme": [
        "This file locks the dependencies of your project to a known state",
        "Read more about it at https://getcomposer.org/doc/01-basic-usage.md#installing-dependencies",
        "This file is @generated automatically"
    ],
    "content-hash": "439320fc1d25bf131a83ae190523dea8",
    "packages": [
        {
            "name": "swew/cli",
            "version": "v1.1.16",
            "source": {
                "type": "git",
                "url": "https://github.com/swew-app/cli.git",
                "reference": "2fb121b339e0381360bc7a2fbea010482993c8fd"
            },
            "dist": {
                "type": "zip",
                "url": "https://api.github.com/repos/swew-app/cli/zipball/2fb121b339e0381360bc7a2fbea010482993c8fd",
                "reference": "2fb121b339e0381360bc7a2fbea010482993c8fd",
                "shasum": ""
            },
            "require": {
                "php": ">=8.1"
            },
            "require-dev": {
                "laravel/pint": "1.9.0",
                "phpstan/phpstan": "^1.10.52",
                "psalm/phar": "^5.18.0",
                "swew/dd": "^1.3.1",
                "swew/test.phar": "^1.5.12"
            },
            "type": "library",
            "autoload": {
                "files": [
                    "src/Functions/Functions.php"
                ],
                "psr-4": {
                    "Swew\\Cli\\": "src/"
                },
                "exclude-from-classmap": [
                    "spec",
                    "/Tests/",
                    "/test/",
                    "/tests/"
                ]
            },
            "notification-url": "https://packagist.org/downloads/",
            "license": [
                "MIT"
            ],
            "authors": [
                {
                    "name": "AVIL13",
                    "email": "avil@swew.app"
                }
            ],
            "description": "SWEW/CLI: A PHP package for streamlined command line interface (CLI) development, providing an intuitive API for creating custom commands, handling input/output, and executing command logic effortlessly. Simplify your CLI application development with rapid development.",
            "keywords": [
                "cli",
                "command-line",
                "console",
                "formatting",
                "input",
                "output",
                "program",
                "prompt",
                "terminal",
                "utility"
            ],
            "support": {
                "issues": "https://github.com/swew-app/cli/issues",
                "source": "https://github.com/swew-app/cli/tree/v1.1.16"
            },
            "time": "2024-01-05T14:15:46+00:00"
        },
        {
            "name": "swew/dd",
            "version": "v1.3.1",
            "source": {
                "type": "git",
                "url": "https://github.com/swew-app/dd.git",
                "reference": "184e62b6dcb302531bdd192e253fc692b60ef9f2"
            },
            "dist": {
                "type": "zip",
                "url": "https://api.github.com/repos/swew-app/dd/zipball/184e62b6dcb302531bdd192e253fc692b60ef9f2",
                "reference": "184e62b6dcb302531bdd192e253fc692b60ef9f2",
                "shasum": ""
            },
            "type": "library",
            "autoload": {
                "files": [
                    "src/dd.php"
                ]
            },
            "notification-url": "https://packagist.org/downloads/",
            "license": [
                "MIT"
            ],
            "authors": [
                {
                    "name": "AVIL13",
                    "email": "avil@swew.app"
                }
            ],
            "description": "The simplest way to debug variables. As in Laravel.",
            "support": {
                "issues": "https://github.com/swew-app/dd/issues",
                "source": "https://github.com/swew-app/dd/tree/v1.3.1"
            },
            "time": "2023-07-30T13:55:18+00:00"
        }
    ],
    "packages-dev": [
        {
            "name": "laravel/pint",
            "version": "v1.10.0",
            "source": {
                "type": "git",
                "url": "https://github.com/laravel/pint.git",
                "reference": "c7a01fa9bdd79819e7a2f1ba63ac1b02e6692dbc"
            },
            "dist": {
                "type": "zip",
                "url": "https://api.github.com/repos/laravel/pint/zipball/c7a01fa9bdd79819e7a2f1ba63ac1b02e6692dbc",
                "reference": "c7a01fa9bdd79819e7a2f1ba63ac1b02e6692dbc",
                "shasum": ""
            },
            "require": {
                "ext-json": "*",
                "ext-mbstring": "*",
                "ext-tokenizer": "*",
                "ext-xml": "*",
                "php": "^8.1.0"
            },
            "require-dev": {
                "friendsofphp/php-cs-fixer": "^3.16.0",
                "illuminate/view": "^10.5.1",
                "laravel-zero/framework": "^10.0.2",
                "mockery/mockery": "^1.5.1",
                "nunomaduro/larastan": "^2.5.1",
                "nunomaduro/termwind": "^1.15.1",
                "pestphp/pest": "^2.4.0"
            },
            "bin": [
                "builds/pint"
            ],
            "type": "project",
            "autoload": {
                "psr-4": {
                    "App\\": "app/",
                    "Database\\Seeders\\": "database/seeders/",
                    "Database\\Factories\\": "database/factories/"
                }
            },
            "notification-url": "https://packagist.org/downloads/",
            "license": [
                "MIT"
            ],
            "authors": [
                {
                    "name": "Nuno Maduro",
                    "email": "enunomaduro@gmail.com"
                }
            ],
            "description": "An opinionated code formatter for PHP.",
            "homepage": "https://laravel.com",
            "keywords": [
                "format",
                "formatter",
                "lint",
                "linter",
                "php"
            ],
            "support": {
                "issues": "https://github.com/laravel/pint/issues",
                "source": "https://github.com/laravel/pint"
            },
            "time": "2023-04-25T14:52:30+00:00"
        },
        {
            "name": "phpstan/phpstan",
            "version": "1.10.53",
            "source": {
                "type": "git",
                "url": "https://github.com/phpstan/phpstan.git",
                "reference": "0c48595cce15f67d6a7faf30e9d13c775e6e9875"
            },
            "dist": {
                "type": "zip",
                "url": "https://api.github.com/repos/phpstan/phpstan/zipball/0c48595cce15f67d6a7faf30e9d13c775e6e9875",
                "reference": "0c48595cce15f67d6a7faf30e9d13c775e6e9875",
                "shasum": ""
            },
            "require": {
                "php": "^7.2|^8.0"
            },
            "conflict": {
                "phpstan/phpstan-shim": "*"
            },
            "bin": [
                "phpstan",
                "phpstan.phar"
            ],
            "type": "library",
            "autoload": {
                "files": [
                    "bootstrap.php"
                ]
            },
            "notification-url": "https://packagist.org/downloads/",
            "license": [
                "MIT"
            ],
            "description": "PHPStan - PHP Static Analysis Tool",
            "keywords": [
                "dev",
                "static analysis"
            ],
            "support": {
                "docs": "https://phpstan.org/user-guide/getting-started",
                "forum": "https://github.com/phpstan/phpstan/discussions",
                "issues": "https://github.com/phpstan/phpstan/issues",
                "security": "https://github.com/phpstan/phpstan/security/policy",
                "source": "https://github.com/phpstan/phpstan-src"
            },
            "funding": [
                {
                    "url": "https://github.com/ondrejmirtes",
                    "type": "github"
                },
                {
                    "url": "https://github.com/phpstan",
                    "type": "github"
                },
                {
                    "url": "https://tidelift.com/funding/github/packagist/phpstan/phpstan",
                    "type": "tidelift"
                }
            ],
            "time": "2024-01-05T13:55:38+00:00"
        },
        {
            "name": "psalm/phar",
            "version": "5.10.0",
            "source": {
                "type": "git",
                "url": "https://github.com/psalm/phar.git",
                "reference": "7690a48d42e27d3bd7f720c1e31ad7ac214048c5"
            },
            "dist": {
                "type": "zip",
                "url": "https://api.github.com/repos/psalm/phar/zipball/7690a48d42e27d3bd7f720c1e31ad7ac214048c5",
                "reference": "7690a48d42e27d3bd7f720c1e31ad7ac214048c5",
                "shasum": ""
            },
            "require": {
                "php": "^7.1 || ^8.0"
            },
            "conflict": {
                "vimeo/psalm": "*"
            },
            "bin": [
                "psalm.phar"
            ],
            "type": "library",
            "notification-url": "https://packagist.org/downloads/",
            "license": [
                "MIT"
            ],
            "description": "Composer-based Psalm Phar",
            "support": {
                "issues": "https://github.com/psalm/phar/issues",
                "source": "https://github.com/psalm/phar/tree/5.10.0"
            },
            "time": "2023-05-02T18:42:37+00:00"
        }
    ],
    "aliases": [],
    "minimum-stability": "stable",
    "stability-flags": [],
    "prefer-stable": true,
    "prefer-lowest": false,
    "platform": {
        "php": ">=8.1",
        "ext-json": "*"
    },
    "platform-dev": [],
    "plugin-api-version": "2.6.0"
}
